<?xml version="1.0" encoding="utf-8"?>
<Project ToolsVersion="4.0" xmlns="http://schemas.microsoft.com/developer/msbuild/2003">
  <ItemGroup>
    <Filter Include="Source Files">
      <UniqueIdentifier>{4FC737F1-C7A5-4376-A066-2A32D752A2FF}</UniqueIdentifier>
      <Extensions>cpp;c;cc;cxx;def;odl;idl;hpj;bat;asm;asmx</Extensions>
    </Filter>
    <Filter Include="Header Files">
      <UniqueIdentifier>{93995380-89BD-4b04-88EB-625FBE52EBFB}</UniqueIdentifier>
      <Extensions>h;hh;hpp;hxx;hm;inl;inc;xsd</Extensions>
    </Filter>
    <Filter Include="Resource Files">
      <UniqueIdentifier>{67DA6AB6-F800-4c08-8B7A-83BB121AAD01}</UniqueIdentifier>
      <Extensions>rc;ico;cur;bmp;dlg;rc2;rct;bin;rgs;gif;jpg;jpeg;jpe;resx;tiff;tif;png;wav;mfcribbon-ms</Extensions>
    </Filter>
    <Filter Include="Resource Files\Input-%28building%29">
      <UniqueIdentifier>{416f5fa3-f417-4ca4-98e7-ef0d19b31ec9}</UniqueIdentifier>
    </Filter>
    <Filter Include="Resource Files\Input-%28building%29\Floor1">
      <UniqueIdentifier>{43f79234-6e57-4057-bad7-4e40a5d73697}</UniqueIdentifier>
    </Filter>
    <Filter Include="Resource Files\Input-%28building%29\Basement1">
      <UniqueIdentifier>{c384c096-c7db-4aa2-b434-a29af02ec80b}</UniqueIdentifier>
    </Filter>
    <Filter Include="Resource Files\Input-%28building%29\Floor2">
      <UniqueIdentifier>{8223aaf7-dbae-4517-9c84-3a35cca402cb}</UniqueIdentifier>
    </Filter>
  </ItemGroup>
  <ItemGroup>
    <ClCompile Include="driver.cpp">
      <Filter>Source Files</Filter>
    </ClCompile>
    <ClCompile Include="Objects.cpp">
      <Filter>Source Files</Filter>
    </ClCompile>
    <ClCompile Include="Rooms.cpp">
      <Filter>Source Files</Filter>
    </ClCompile>
    <ClCompile Include="Building.cpp">
      <Filter>Source Files</Filter>
    </ClCompile>
  </ItemGroup>
  <ItemGroup>
    <ClInclude Include="Objects.h">
      <Filter>Header Files</Filter>
    </ClInclude>
    <ClInclude Include="Rooms.h">
      <Filter>Header Files</Filter>
    </ClInclude>
    <ClInclude Include="States.h">
      <Filter>Header Files</Filter>
    </ClInclude>
    <ClInclude Include="Building.h">
      <Filter>Header Files</Filter>
    </ClInclude>
  </ItemGroup>
  <ItemGroup>
    <Text Include="f1r110.txt">
      <Filter>Resource Files\Input-%28building%29\Floor1</Filter>
    </Text>
    <Text Include="f1r210.txt">
      <Filter>Resource Files\Input-%28building%29\Floor1</Filter>
    </Text>
    <Text Include="f1r410.txt">
      <Filter>Resource Files\Input-%28building%29\Floor1</Filter>
    </Text>
    <Text Include="f1r209.txt">
      <Filter>Resource Files\Input-%28building%29\Floor1</Filter>
    </Text>
    <Text Include="f1r211.txt">
      <Filter>Resource Files\Input-%28building%29\Floor1</Filter>
    </Text>
    <Text Include="f1r309.txt">
      <Filter>Resource Files\Input-%28building%29\Floor1</Filter>
    </Text>
    <Text Include="f1r311.txt">
      <Filter>Resource Files\Input-%28building%29\Floor1</Filter>
    </Text>
    <Text Include="f2r210.txt">
      <Filter>Resource Files\Input-%28building%29\Floor2</Filter>
    </Text>
    <Text Include="f2r309.txt">
      <Filter>Resource Files\Input-%28building%29\Floor2</Filter>
    </Text>
    <Text Include="f2r310.txt">
      <Filter>Resource Files\Input-%28building%29\Floor2</Filter>
    </Text>
    <Text Include="f2r311.txt">
      <Filter>Resource Files\Input-%28building%29\Floor2</Filter>
    </Text>
    <Text Include="f2r410.txt">
      <Filter>Resource Files\Input-%28building%29\Floor2</Filter>
    </Text>
    <Text Include="b1r410.txt">
      <Filter>Resource Files\Input-%28building%29\Basement1</Filter>
    </Text>
    <Text Include="b1r210.txt">
      <Filter>Resource Files\Input-%28building%29\Basement1</Filter>
    </Text>
    <Text Include="b1r209.txt">
      <Filter>Resource Files\Input-%28building%29\Basement1</Filter>
    </Text>
    <Text Include="b1r211.txt">
      <Filter>Resource Files\Input-%28building%29\Basement1</Filter>
    </Text>
    <Text Include="b1r309.txt">
      <Filter>Resource Files\Input-%28building%29\Basement1</Filter>
    </Text>
    <Text Include="b1r311.txt">
      <Filter>Resource Files\Input-%28building%29\Basement1</Filter>
    </Text>
    <Text Include="BuildingInfo.txt">
      <Filter>Resource Files</Filter>
    </Text>
    <Text Include="log.txt">
      <Filter>Resource Files</Filter>
    </Text>
  </ItemGroup>
</Project>